
Microsoft Visual Studio Solution File, Format Version 12.00
# Visual Studio Version 17
VisualStudioVersion = 17.2.32602.215
MinimumVisualStudioVersion = 10.0.40219.1
Project("{8BC9CEB8-8B4A-11D0-8D11-00A0C91BC942}") = "Common", "Common\Common.vcxitems", "{C350D0CE-EC53-4155-BA0C-E5E4C0099247}"
EndProject
Project("{8BC9CEB8-8B4A-11D0-8D11-00A0C91BC942}") = "RedClickerServer", "RedClickerServer\RedClickerServer.vcxproj", "{EEF9BEEC-FB51-4E8B-BD23-A9010E3B2E2C}"
EndProject
Project("{8BC9CEB8-8B4A-11D0-8D11-00A0C91BC942}") = "RedClickerClient", "RedClickerClient\RedClickerClient.vcxproj", "{186CB3C9-485F-4C43-A503-99BCAAA64E1B}"
EndProject
Global
	GlobalSection(SolutionConfigurationPlatforms) = preSolution
		Debug|ARM64 = Debug|ARM64
		Debug|x64 = Debug|x64
		Debug|x86 = Debug|x86
		Release|ARM64 = Release|ARM64
		Release|x64 = Release|x64
		Release|x86 = Release|x86
	EndGlobalSection
	GlobalSection(ProjectConfigurationPlatforms) = postSolution
		{EEF9BEEC-FB51-4E8B-BD23-A9010E3B2E2C}.Debug|ARM64.ActiveCfg = Debug|ARM64
		{EEF9BEEC-FB51-4E8B-BD23-A9010E3B2E2C}.Debug|ARM64.Build.0 = Debug|ARM64
		{EEF9BEEC-FB51-4E8B-BD23-A9010E3B2E2C}.Debug|ARM64.Deploy.0 = Debug|ARM64
		{EEF9BEEC-FB51-4E8B-BD23-A9010E3B2E2C}.Debug|x64.ActiveCfg = Debug|x64
		{EEF9BEEC-FB51-4E8B-BD23-A9010E3B2E2C}.Debug|x64.Build.0 = Debug|x64
		{EEF9BEEC-FB51-4E8B-BD23-A9010E3B2E2C}.Debug|x64.Deploy.0 = Debug|x64
		{EEF9BEEC-FB51-4E8B-BD23-A9010E3B2E2C}.Debug|x86.ActiveCfg = Debug|x64
		{EEF9BEEC-FB51-4E8B-BD23-A9010E3B2E2C}.Debug|x86.Build.0 = Debug|x64
		{EEF9BEEC-FB51-4E8B-BD23-A9010E3B2E2C}.Debug|x86.Deploy.0 = Debug|x64
		{EEF9BEEC-FB51-4E8B-BD23-A9010E3B2E2C}.Release|ARM64.ActiveCfg = Release|ARM64
		{EEF9BEEC-FB51-4E8B-BD23-A9010E3B2E2C}.Release|ARM64.Build.0 = Release|ARM64
		{EEF9BEEC-FB51-4E8B-BD23-A9010E3B2E2C}.Release|ARM64.Deploy.0 = Release|ARM64
		{EEF9BEEC-FB51-4E8B-BD23-A9010E3B2E2C}.Release|x64.ActiveCfg = Release|x64
		{EEF9BEEC-FB51-4E8B-BD23-A9010E3B2E2C}.Release|x64.Build.0 = Release|x64
		{EEF9BEEC-FB51-4E8B-BD23-A9010E3B2E2C}.Release|x64.Deploy.0 = Release|x64
		{EEF9BEEC-FB51-4E8B-BD23-A9010E3B2E2C}.Release|x86.ActiveCfg = Release|x64
		{EEF9BEEC-FB51-4E8B-BD23-A9010E3B2E2C}.Release|x86.Build.0 = Release|x64
		{EEF9BEEC-FB51-4E8B-BD23-A9010E3B2E2C}.Release|x86.Deploy.0 = Release|x64
		{186CB3C9-485F-4C43-A503-99BCAAA64E1B}.Debug|ARM64.ActiveCfg = Debug|x64
		{186CB3C9-485F-4C43-A503-99BCAAA64E1B}.Debug|ARM64.Build.0 = Debug|x64
		{186CB3C9-485F-4C43-A503-99BCAAA64E1B}.Debug|x64.ActiveCfg = Debug|x64
		{186CB3C9-485F-4C43-A503-99BCAAA64E1B}.Debug|x64.Build.0 = Debug|x64
		{186CB3C9-485F-4C43-A503-99BCAAA64E1B}.Debug|x86.ActiveCfg = Debug|Win32
		{186CB3C9-485F-4C43-A503-99BCAAA64E1B}.Debug|x86.Build.0 = Debug|Win32
		{186CB3C9-485F-4C43-A503-99BCAAA64E1B}.Release|ARM64.ActiveCfg = Release|x64
		{186CB3C9-485F-4C43-A503-99BCAAA64E1B}.Release|ARM64.Build.0 = Release|x64
		{186CB3C9-485F-4C43-A503-99BCAAA64E1B}.Release|x64.ActiveCfg = Release|x64
		{186CB3C9-485F-4C43-A503-99BCAAA64E1B}.Release|x64.Build.0 = Release|x64
		{186CB3C9-485F-4C43-A503-99BCAAA64E1B}.Release|x86.ActiveCfg = Release|Win32
		{186CB3C9-485F-4C43-A503-99BCAAA64E1B}.Release|x86.Build.0 = Release|Win32
	EndGlobalSection
	GlobalSection(SolutionProperties) = preSolution
		HideSolutionNode = FALSE
	EndGlobalSection
	GlobalSection(ExtensibilityGlobals) = postSolution
		SolutionGuid = {CFE25019-3174-4581-9BB7-EC37F835AFAE}
	EndGlobalSection
	GlobalSection(SharedMSBuildProjectFiles) = preSolution
		Common\Common.vcxitems*{186cb3c9-485f-4c43-a503-99bcaaa64e1b}*SharedItemsImports = 4
		Common\Common.vcxitems*{c350d0ce-ec53-4155-ba0c-e5e4c0099247}*SharedItemsImports = 9
		Common\Common.vcxitems*{eef9beec-fb51-4e8b-bd23-a9010e3b2e2c}*SharedItemsImports = 4
	EndGlobalSection
EndGlobal
